# This file is generated by running "yarn install" inside your project.
# Manual changes might be lost - proceed with caution!

__metadata:
  version: 6
  cacheKey: 8

"@rometools/cli-darwin-arm64@npm:11.0.0":
  version: 11.0.0
  resolution: "@rometools/cli-darwin-arm64@npm:11.0.0"
  conditions: os=darwin & cpu=arm64
  languageName: node
  linkType: hard

"@rometools/cli-darwin-x64@npm:11.0.0":
  version: 11.0.0
  resolution: "@rometools/cli-darwin-x64@npm:11.0.0"
  conditions: os=darwin & cpu=x64
  languageName: node
  linkType: hard

"@rometools/cli-linux-arm64@npm:11.0.0":
  version: 11.0.0
  resolution: "@rometools/cli-linux-arm64@npm:11.0.0"
  conditions: os=linux & cpu=arm64
  languageName: node
  linkType: hard

"@rometools/cli-linux-x64@npm:11.0.0":
  version: 11.0.0
  resolution: "@rometools/cli-linux-x64@npm:11.0.0"
  conditions: os=linux & cpu=x64
  languageName: node
  linkType: hard

"@rometools/cli-win32-arm64@npm:11.0.0":
  version: 11.0.0
  resolution: "@rometools/cli-win32-arm64@npm:11.0.0"
  conditions: os=win32 & cpu=arm64
  languageName: node
  linkType: hard

"@rometools/cli-win32-x64@npm:11.0.0":
  version: 11.0.0
  resolution: "@rometools/cli-win32-x64@npm:11.0.0"
  conditions: os=win32 & cpu=x64
  languageName: node
  linkType: hard

"@types/node@npm:*":
  version: 18.11.18
  resolution: "@types/node@npm:18.11.18"
  checksum: 03f17f9480f8d775c8a72da5ea7e9383db5f6d85aa5fefde90dd953a1449bd5e4ffde376f139da4f3744b4c83942166d2a7603969a6f8ea826edfb16e6e3b49d
  languageName: node
  linkType: hard

"@types/node@npm:^16.18.11":
  version: 16.18.12
  resolution: "@types/node@npm:16.18.12"
  checksum: fc3271182414f8593018ef8f00b4718116a92f463f619081bd399d9460e7861e1dd7eebc7cf94c23567e418ff397babed077011711aae8d47171b5a81c5bd71d
  languageName: node
  linkType: hard

"@types/opener@npm:^1.4.0":
  version: 1.4.0
  resolution: "@types/opener@npm:1.4.0"
  dependencies:
    "@types/node": "*"
  checksum: ab7c7fdf69e29b844d50bd751a51cf971a5a25e2bfe4ae0751f52ea56413b94b3291a02b66db8bd20110552ef38a7d5e0940259c616f94d3a39f60830ee50768
  languageName: node
  linkType: hard

"@types/vscode@npm:^1.74.0":
  version: 1.75.0
  resolution: "@types/vscode@npm:1.75.0"
  checksum: 1fbaa0e134365b7058a7bb1a9dae0ed5dde3416cb222142fef0474f2e6634c5e3406153dacbed55bfd5b5d0d00c0e31b50c40adc07d49ff4147b430a9e377cd5
  languageName: node
  linkType: hard

"emoji-regex@npm:^10.2.1":
  version: 10.2.1
  resolution: "emoji-regex@npm:10.2.1"
  checksum: 1aa2d16881c56531fdfc03d0b36f5c2b6221cc4097499a5665b88b711dc3fb4d5b8804f0ca6f00c56e5dcf89bac75f0487eee85da1da77df3a33accc6ecbe426
  languageName: node
  linkType: hard

"iconv-lite@npm:^0.6.3":
  version: 0.6.3
  resolution: "iconv-lite@npm:0.6.3"
  dependencies:
    safer-buffer: ">= 2.1.2 < 3.0.0"
  checksum: 3f60d47a5c8fc3313317edfd29a00a692cc87a19cac0159e2ce711d0ebc9019064108323b5e493625e25594f11c6236647d8e256fbe7a58f4a3b33b89e6d30bf
  languageName: node
  linkType: hard

"language-hsp3@workspace:.":
  version: 0.0.0-use.local
  resolution: "language-hsp3@workspace:."
  dependencies:
    "@types/node": ^16.18.11
    "@types/opener": ^1.4.0
    "@types/vscode": ^1.74.0
    emoji-regex: ^10.2.1
    iconv-lite: ^0.6.3
    opener: ^1.5.2
    rome: ^11.0.0
    typescript: ^4.9.4
    zod: ^3.20.2
  languageName: unknown
  linkType: soft

"opener@npm:^1.5.2":
  version: 1.5.2
  resolution: "opener@npm:1.5.2"
  bin:
    opener: bin/opener-bin.js
  checksum: 33b620c0d53d5b883f2abc6687dd1c5fd394d270dbe33a6356f2d71e0a2ec85b100d5bac94694198ccf5c30d592da863b2292c5539009c715a9c80c697b4f6cc
  languageName: node
  linkType: hard

"rome@npm:^11.0.0":
  version: 11.0.0
  resolution: "rome@npm:11.0.0"
  dependencies:
    "@rometools/cli-darwin-arm64": 11.0.0
    "@rometools/cli-darwin-x64": 11.0.0
    "@rometools/cli-linux-arm64": 11.0.0
    "@rometools/cli-linux-x64": 11.0.0
    "@rometools/cli-win32-arm64": 11.0.0
    "@rometools/cli-win32-x64": 11.0.0
  dependenciesMeta:
    "@rometools/cli-darwin-arm64":
      optional: true
    "@rometools/cli-darwin-x64":
      optional: true
    "@rometools/cli-linux-arm64":
      optional: true
    "@rometools/cli-linux-x64":
      optional: true
    "@rometools/cli-win32-arm64":
      optional: true
    "@rometools/cli-win32-x64":
      optional: true
  bin:
    rome: bin/rome
  checksum: 3c92a47c78a66c62f94b6a3a72ead92a20c23326d2d73785ce88c03897b60b8114c285a636acc24bd11039381ded48f8c58c6cc5c4cc46ce7eed092c90d9a054
  languageName: node
  linkType: hard

"safer-buffer@npm:>= 2.1.2 < 3.0.0":
  version: 2.1.2
  resolution: "safer-buffer@npm:2.1.2"
  checksum: cab8f25ae6f1434abee8d80023d7e72b598cf1327164ddab31003c51215526801e40b66c5e65d658a0af1e9d6478cadcb4c745f4bd6751f97d8644786c0978b0
  languageName: node
  linkType: hard

"typescript@npm:^4.9.4":
  version: 4.9.5
  resolution: "typescript@npm:4.9.5"
  bin:
    tsc: bin/tsc
    tsserver: bin/tsserver
  checksum: ee000bc26848147ad423b581bd250075662a354d84f0e06eb76d3b892328d8d4440b7487b5a83e851b12b255f55d71835b008a66cbf8f255a11e4400159237db
  languageName: node
  linkType: hard

"typescript@patch:typescript@^4.9.4#~builtin<compat/typescript>":
  version: 4.9.5
  resolution: "typescript@patch:typescript@npm%3A4.9.5#~builtin<compat/typescript>::version=4.9.5&hash=ad5954"
  bin:
    tsc: bin/tsc
    tsserver: bin/tsserver
  checksum: 8f6260acc86b56bfdda6004bc53f32ea548f543e8baef7071c8e34d29d292f3e375c8416556c8de10b24deef6933cd1c16a8233dc84a3dd43a13a13265d0faab
  languageName: node
  linkType: hard

"zod@npm:^3.20.2":
  version: 3.20.2
  resolution: "zod@npm:3.20.2"
  checksum: 04172f7e9350372684ccd298d4716908edc9113751295b6c4e1b3ea84e2af8997e504b33ba36f4741417bb2a5dc90bfd40501f6b0e7389df10e42a63d6d8366c
  languageName: node
  linkType: hard
