# This file is generated by running "yarn install" inside your project.
# Manual changes might be lost - proceed with caution!

__metadata:
  version: 6
  cacheKey: 8

"@rometools/cli-darwin-arm64@npm:11.0.0":
  version: 11.0.0
  resolution: "@rometools/cli-darwin-arm64@npm:11.0.0"
  conditions: os=darwin & cpu=arm64
  languageName: node
  linkType: hard

"@rometools/cli-darwin-x64@npm:11.0.0":
  version: 11.0.0
  resolution: "@rometools/cli-darwin-x64@npm:11.0.0"
  conditions: os=darwin & cpu=x64
  languageName: node
  linkType: hard

"@rometools/cli-linux-arm64@npm:11.0.0":
  version: 11.0.0
  resolution: "@rometools/cli-linux-arm64@npm:11.0.0"
  conditions: os=linux & cpu=arm64
  languageName: node
  linkType: hard

"@rometools/cli-linux-x64@npm:11.0.0":
  version: 11.0.0
  resolution: "@rometools/cli-linux-x64@npm:11.0.0"
  conditions: os=linux & cpu=x64
  languageName: node
  linkType: hard

"@rometools/cli-win32-arm64@npm:11.0.0":
  version: 11.0.0
  resolution: "@rometools/cli-win32-arm64@npm:11.0.0"
  conditions: os=win32 & cpu=arm64
  languageName: node
  linkType: hard

"@rometools/cli-win32-x64@npm:11.0.0":
  version: 11.0.0
  resolution: "@rometools/cli-win32-x64@npm:11.0.0"
  conditions: os=win32 & cpu=x64
  languageName: node
  linkType: hard

"@types/node@npm:*":
  version: 18.11.18
  resolution: "@types/node@npm:18.11.18"
  checksum: 03f17f9480f8d775c8a72da5ea7e9383db5f6d85aa5fefde90dd953a1449bd5e4ffde376f139da4f3744b4c83942166d2a7603969a6f8ea826edfb16e6e3b49d
  languageName: node
  linkType: hard

"@types/node@npm:^16.18.11":
  version: 16.18.11
  resolution: "@types/node@npm:16.18.11"
  checksum: 2a3b1da13063debe6e26f732defb5f03ef4ef732c3e08daba838d8850433bd00e537ce1a97ce9bcfc4b15db5218d701d1265fae94e0d6926906bec157e6b46e0
  languageName: node
  linkType: hard

"@types/opener@npm:latest":
  version: 1.4.0
  resolution: "@types/opener@npm:1.4.0"
  dependencies:
    "@types/node": "*"
  checksum: ab7c7fdf69e29b844d50bd751a51cf971a5a25e2bfe4ae0751f52ea56413b94b3291a02b66db8bd20110552ef38a7d5e0940259c616f94d3a39f60830ee50768
  languageName: node
  linkType: hard

"@types/vscode@npm:^1.74.0":
  version: 1.74.0
  resolution: "@types/vscode@npm:1.74.0"
  checksum: 25de153cc10136d32d425960c04687fdc26b79b49420d055799f01169e3141fa619d3ed6b3126c4ca4635d12aff2b77df51460e89235c71b55d570f8c08df71c
  languageName: node
  linkType: hard

"emoji-regex@npm:^10.2.1":
  version: 10.2.1
  resolution: "emoji-regex@npm:10.2.1"
  checksum: 1aa2d16881c56531fdfc03d0b36f5c2b6221cc4097499a5665b88b711dc3fb4d5b8804f0ca6f00c56e5dcf89bac75f0487eee85da1da77df3a33accc6ecbe426
  languageName: node
  linkType: hard

"iconv-lite@npm:^0.6.3":
  version: 0.6.3
  resolution: "iconv-lite@npm:0.6.3"
  dependencies:
    safer-buffer: ">= 2.1.2 < 3.0.0"
  checksum: 3f60d47a5c8fc3313317edfd29a00a692cc87a19cac0159e2ce711d0ebc9019064108323b5e493625e25594f11c6236647d8e256fbe7a58f4a3b33b89e6d30bf
  languageName: node
  linkType: hard

"language-hsp3@workspace:.":
  version: 0.0.0-use.local
  resolution: "language-hsp3@workspace:."
  dependencies:
    "@types/node": ^16.18.11
    "@types/opener": latest
    "@types/vscode": ^1.74.0
    emoji-regex: ^10.2.1
    iconv-lite: ^0.6.3
    opener: ^1.5.2
    rome: ^11.0.0
    typescript: ^4.9.4
  languageName: unknown
  linkType: soft

"opener@npm:^1.5.2":
  version: 1.5.2
  resolution: "opener@npm:1.5.2"
  bin:
    opener: bin/opener-bin.js
  checksum: 33b620c0d53d5b883f2abc6687dd1c5fd394d270dbe33a6356f2d71e0a2ec85b100d5bac94694198ccf5c30d592da863b2292c5539009c715a9c80c697b4f6cc
  languageName: node
  linkType: hard

"rome@npm:^11.0.0":
  version: 11.0.0
  resolution: "rome@npm:11.0.0"
  dependencies:
    "@rometools/cli-darwin-arm64": 11.0.0
    "@rometools/cli-darwin-x64": 11.0.0
    "@rometools/cli-linux-arm64": 11.0.0
    "@rometools/cli-linux-x64": 11.0.0
    "@rometools/cli-win32-arm64": 11.0.0
    "@rometools/cli-win32-x64": 11.0.0
  dependenciesMeta:
    "@rometools/cli-darwin-arm64":
      optional: true
    "@rometools/cli-darwin-x64":
      optional: true
    "@rometools/cli-linux-arm64":
      optional: true
    "@rometools/cli-linux-x64":
      optional: true
    "@rometools/cli-win32-arm64":
      optional: true
    "@rometools/cli-win32-x64":
      optional: true
  bin:
    rome: bin/rome
  checksum: 3c92a47c78a66c62f94b6a3a72ead92a20c23326d2d73785ce88c03897b60b8114c285a636acc24bd11039381ded48f8c58c6cc5c4cc46ce7eed092c90d9a054
  languageName: node
  linkType: hard

"safer-buffer@npm:>= 2.1.2 < 3.0.0":
  version: 2.1.2
  resolution: "safer-buffer@npm:2.1.2"
  checksum: cab8f25ae6f1434abee8d80023d7e72b598cf1327164ddab31003c51215526801e40b66c5e65d658a0af1e9d6478cadcb4c745f4bd6751f97d8644786c0978b0
  languageName: node
  linkType: hard

"typescript@npm:^4.9.4":
  version: 4.9.4
  resolution: "typescript@npm:4.9.4"
  bin:
    tsc: bin/tsc
    tsserver: bin/tsserver
  checksum: e782fb9e0031cb258a80000f6c13530288c6d63f1177ed43f770533fdc15740d271554cdae86701c1dd2c83b082cea808b07e97fd68b38a172a83dbf9e0d0ef9
  languageName: node
  linkType: hard

"typescript@patch:typescript@^4.9.4#~builtin<compat/typescript>":
  version: 4.9.4
  resolution: "typescript@patch:typescript@npm%3A4.9.4#~builtin<compat/typescript>::version=4.9.4&hash=ad5954"
  bin:
    tsc: bin/tsc
    tsserver: bin/tsserver
  checksum: 1caaea6cb7f813e64345190fddc4e6c924d0b698ab81189b503763c4a18f7f5501c69362979d36e19c042d89d936443e768a78b0675690b35eb663d19e0eae71
  languageName: node
  linkType: hard
